
Microsoft Visual Studio Solution File, Format Version 12.00
# Visual Studio Version 17
VisualStudioVersion = 17.8.34330.188
MinimumVisualStudioVersion = 10.0.40219.1
Project("{FAE04EC0-301F-11D3-BF4B-00C04F79EFBC}") = "UPC.PMS.API", "UPC.PMS.API\UPC.PMS.API.csproj", "{7ECB90BF-A66B-44AA-BF95-A23989D32793}"
EndProject
Project("{FAE04EC0-301F-11D3-BF4B-00C04F79EFBC}") = "UPC.PMS.DA", "UPC.PMS.DA\UPC.PMS.DA.csproj", "{CED5A512-E551-48F8-9AEC-9BB53A901A2D}"
EndProject
Project("{FAE04EC0-301F-11D3-BF4B-00C04F79EFBC}") = "UPC.PMS.UT", "UPC.PMS.UT\UPC.PMS.UT.csproj", "{CBADB514-7DA7-41DA-9B84-9708CDC75F90}"
EndProject
Project("{FAE04EC0-301F-11D3-BF4B-00C04F79EFBC}") = "UPC.PMS.BL", "UPC.PMS.BL\UPC.PMS.BL.csproj", "{D34773C3-8A47-4552-8BE6-A29516EE5C2B}"
EndProject
Global
	GlobalSection(SolutionConfigurationPlatforms) = preSolution
		Debug|Any CPU = Debug|Any CPU
		Release|Any CPU = Release|Any CPU
	EndGlobalSection
	GlobalSection(ProjectConfigurationPlatforms) = postSolution
		{7ECB90BF-A66B-44AA-BF95-A23989D32793}.Debug|Any CPU.ActiveCfg = Debug|Any CPU
		{7ECB90BF-A66B-44AA-BF95-A23989D32793}.Debug|Any CPU.Build.0 = Debug|Any CPU
		{7ECB90BF-A66B-44AA-BF95-A23989D32793}.Release|Any CPU.ActiveCfg = Release|Any CPU
		{7ECB90BF-A66B-44AA-BF95-A23989D32793}.Release|Any CPU.Build.0 = Release|Any CPU
		{CED5A512-E551-48F8-9AEC-9BB53A901A2D}.Debug|Any CPU.ActiveCfg = Debug|Any CPU
		{CED5A512-E551-48F8-9AEC-9BB53A901A2D}.Debug|Any CPU.Build.0 = Debug|Any CPU
		{CED5A512-E551-48F8-9AEC-9BB53A901A2D}.Release|Any CPU.ActiveCfg = Release|Any CPU
		{CED5A512-E551-48F8-9AEC-9BB53A901A2D}.Release|Any CPU.Build.0 = Release|Any CPU
		{CBADB514-7DA7-41DA-9B84-9708CDC75F90}.Debug|Any CPU.ActiveCfg = Debug|Any CPU
		{CBADB514-7DA7-41DA-9B84-9708CDC75F90}.Debug|Any CPU.Build.0 = Debug|Any CPU
		{CBADB514-7DA7-41DA-9B84-9708CDC75F90}.Release|Any CPU.ActiveCfg = Release|Any CPU
		{CBADB514-7DA7-41DA-9B84-9708CDC75F90}.Release|Any CPU.Build.0 = Release|Any CPU
		{D34773C3-8A47-4552-8BE6-A29516EE5C2B}.Debug|Any CPU.ActiveCfg = Debug|Any CPU
		{D34773C3-8A47-4552-8BE6-A29516EE5C2B}.Debug|Any CPU.Build.0 = Debug|Any CPU
		{D34773C3-8A47-4552-8BE6-A29516EE5C2B}.Release|Any CPU.ActiveCfg = Release|Any CPU
		{D34773C3-8A47-4552-8BE6-A29516EE5C2B}.Release|Any CPU.Build.0 = Release|Any CPU
	EndGlobalSection
	GlobalSection(SolutionProperties) = preSolution
		HideSolutionNode = FALSE
	EndGlobalSection
	GlobalSection(ExtensibilityGlobals) = postSolution
		SolutionGuid = {D65263B3-4FCD-4622-9169-17784F8446C1}
	EndGlobalSection
EndGlobal
